// !$*UTF8*$!
{
	archiveVersion = 1;
	classes = {
	};
	objectVersion = 55;
	objects = {

/* Begin PBXBuildFile section */
		F8F0DBB128B3D8BF001C34EC /* AppDelegate.swift in Sources */ = {isa = PBXBuildFile; fileRef = F8F0DBB028B3D8BF001C34EC /* AppDelegate.swift */; };
		F8F0DBB328B3D8BF001C34EC /* SceneDelegate.swift in Sources */ = {isa = PBXBuildFile; fileRef = F8F0DBB228B3D8BF001C34EC /* SceneDelegate.swift */; };
		F8F0DBBA28B3D8C1001C34EC /* Assets.xcassets in Resources */ = {isa = PBXBuildFile; fileRef = F8F0DBB928B3D8C1001C34EC /* Assets.xcassets */; };
		F8F0DBBD28B3D8C1001C34EC /* LaunchScreen.storyboard in Resources */ = {isa = PBXBuildFile; fileRef = F8F0DBBB28B3D8C1001C34EC /* LaunchScreen.storyboard */; };
		F8F0DBC828B3D8C1001C34EC /* QuestionViewControllerTest.swift in Sources */ = {isa = PBXBuildFile; fileRef = F8F0DBC728B3D8C1001C34EC /* QuestionViewControllerTest.swift */; };
		F8F0DBE128B3D9C0001C34EC /* QuestionViewController.swift in Sources */ = {isa = PBXBuildFile; fileRef = F8F0DBE028B3D9C0001C34EC /* QuestionViewController.swift */; };
		F8F0DBE328B3E736001C34EC /* QuestionViewController.xib in Resources */ = {isa = PBXBuildFile; fileRef = F8F0DBE228B3E736001C34EC /* QuestionViewController.xib */; };
		F8F0DC3128B78138001C34EC /* ResultsViewControllerTest.swift in Sources */ = {isa = PBXBuildFile; fileRef = F8F0DC3028B78138001C34EC /* ResultsViewControllerTest.swift */; };
		F8F0DC3328B781DA001C34EC /* ResultsViewController.swift in Sources */ = {isa = PBXBuildFile; fileRef = F8F0DC3228B781DA001C34EC /* ResultsViewController.swift */; };
		F8F0DC3528B782A0001C34EC /* ResultsViewController.xib in Resources */ = {isa = PBXBuildFile; fileRef = F8F0DC3428B782A0001C34EC /* ResultsViewController.xib */; };
		F8F0DC3728B80155001C34EC /* TableViewHelpers.swift in Sources */ = {isa = PBXBuildFile; fileRef = F8F0DC3628B80155001C34EC /* TableViewHelpers.swift */; };
/* End PBXBuildFile section */

/* Begin PBXContainerItemProxy section */
		F8F0DBC428B3D8C1001C34EC /* PBXContainerItemProxy */ = {
			isa = PBXContainerItemProxy;
			containerPortal = F8F0DBA528B3D8BF001C34EC /* Project object */;
			proxyType = 1;
			remoteGlobalIDString = F8F0DBAC28B3D8BF001C34EC;
			remoteInfo = QuizApp;
		};
/* End PBXContainerItemProxy section */

/* Begin PBXFileReference section */
		F8F0DBAD28B3D8BF001C34EC /* QuizApp.app */ = {isa = PBXFileReference; explicitFileType = wrapper.application; includeInIndex = 0; path = QuizApp.app; sourceTree = BUILT_PRODUCTS_DIR; };
		F8F0DBB028B3D8BF001C34EC /* AppDelegate.swift */ = {isa = PBXFileReference; lastKnownFileType = sourcecode.swift; path = AppDelegate.swift; sourceTree = "<group>"; };
		F8F0DBB228B3D8BF001C34EC /* SceneDelegate.swift */ = {isa = PBXFileReference; lastKnownFileType = sourcecode.swift; path = SceneDelegate.swift; sourceTree = "<group>"; };
		F8F0DBB928B3D8C1001C34EC /* Assets.xcassets */ = {isa = PBXFileReference; lastKnownFileType = folder.assetcatalog; path = Assets.xcassets; sourceTree = "<group>"; };
		F8F0DBBC28B3D8C1001C34EC /* Base */ = {isa = PBXFileReference; lastKnownFileType = file.storyboard; name = Base; path = Base.lproj/LaunchScreen.storyboard; sourceTree = "<group>"; };
		F8F0DBBE28B3D8C1001C34EC /* Info.plist */ = {isa = PBXFileReference; lastKnownFileType = text.plist.xml; path = Info.plist; sourceTree = "<group>"; };
		F8F0DBC328B3D8C1001C34EC /* QuizAppTests.xctest */ = {isa = PBXFileReference; explicitFileType = wrapper.cfbundle; includeInIndex = 0; path = QuizAppTests.xctest; sourceTree = BUILT_PRODUCTS_DIR; };
		F8F0DBC728B3D8C1001C34EC /* QuestionViewControllerTest.swift */ = {isa = PBXFileReference; lastKnownFileType = sourcecode.swift; path = QuestionViewControllerTest.swift; sourceTree = "<group>"; };
		F8F0DBE028B3D9C0001C34EC /* QuestionViewController.swift */ = {isa = PBXFileReference; lastKnownFileType = sourcecode.swift; path = QuestionViewController.swift; sourceTree = "<group>"; };
		F8F0DBE228B3E736001C34EC /* QuestionViewController.xib */ = {isa = PBXFileReference; lastKnownFileType = file.xib; path = QuestionViewController.xib; sourceTree = "<group>"; };
		F8F0DC3028B78138001C34EC /* ResultsViewControllerTest.swift */ = {isa = PBXFileReference; lastKnownFileType = sourcecode.swift; path = ResultsViewControllerTest.swift; sourceTree = "<group>"; };
		F8F0DC3228B781DA001C34EC /* ResultsViewController.swift */ = {isa = PBXFileReference; lastKnownFileType = sourcecode.swift; path = ResultsViewController.swift; sourceTree = "<group>"; };
		F8F0DC3428B782A0001C34EC /* ResultsViewController.xib */ = {isa = PBXFileReference; lastKnownFileType = file.xib; path = ResultsViewController.xib; sourceTree = "<group>"; };
		F8F0DC3628B80155001C34EC /* TableViewHelpers.swift */ = {isa = PBXFileReference; lastKnownFileType = sourcecode.swift; path = TableViewHelpers.swift; sourceTree = "<group>"; };
/* End PBXFileReference section */

/* Begin PBXFrameworksBuildPhase section */
		F8F0DBAA28B3D8BF001C34EC /* Frameworks */ = {
			isa = PBXFrameworksBuildPhase;
			buildActionMask = 2147483647;
			files = (
			);
			runOnlyForDeploymentPostprocessing = 0;
		};
		F8F0DBC028B3D8C1001C34EC /* Frameworks */ = {
			isa = PBXFrameworksBuildPhase;
			buildActionMask = 2147483647;
			files = (
			);
			runOnlyForDeploymentPostprocessing = 0;
		};
/* End PBXFrameworksBuildPhase section */

/* Begin PBXGroup section */
		F8F0DBA428B3D8BF001C34EC = {
			isa = PBXGroup;
			children = (
				F8F0DBAF28B3D8BF001C34EC /* QuizApp */,
				F8F0DBC628B3D8C1001C34EC /* QuizAppTests */,
				F8F0DBAE28B3D8BF001C34EC /* Products */,
			);
			sourceTree = "<group>";
		};
		F8F0DBAE28B3D8BF001C34EC /* Products */ = {
			isa = PBXGroup;
			children = (
				F8F0DBAD28B3D8BF001C34EC /* QuizApp.app */,
				F8F0DBC328B3D8C1001C34EC /* QuizAppTests.xctest */,
			);
			name = Products;
			sourceTree = "<group>";
		};
		F8F0DBAF28B3D8BF001C34EC /* QuizApp */ = {
			isa = PBXGroup;
			children = (
				F8F0DBB028B3D8BF001C34EC /* AppDelegate.swift */,
				F8F0DBB228B3D8BF001C34EC /* SceneDelegate.swift */,
				F8F0DBB928B3D8C1001C34EC /* Assets.xcassets */,
				F8F0DBBB28B3D8C1001C34EC /* LaunchScreen.storyboard */,
				F8F0DBBE28B3D8C1001C34EC /* Info.plist */,
				F8F0DBE028B3D9C0001C34EC /* QuestionViewController.swift */,
				F8F0DBE228B3E736001C34EC /* QuestionViewController.xib */,
				F8F0DC3228B781DA001C34EC /* ResultsViewController.swift */,
				F8F0DC3428B782A0001C34EC /* ResultsViewController.xib */,
			);
			path = QuizApp;
			sourceTree = "<group>";
		};
		F8F0DBC628B3D8C1001C34EC /* QuizAppTests */ = {
			isa = PBXGroup;
			children = (
				F8F0DBC728B3D8C1001C34EC /* QuestionViewControllerTest.swift */,
				F8F0DC3028B78138001C34EC /* ResultsViewControllerTest.swift */,
				F8F0DC3628B80155001C34EC /* TableViewHelpers.swift */,
			);
			path = QuizAppTests;
			sourceTree = "<group>";
		};
/* End PBXGroup section */

/* Begin PBXNativeTarget section */
		F8F0DBAC28B3D8BF001C34EC /* QuizApp */ = {
			isa = PBXNativeTarget;
			buildConfigurationList = F8F0DBD728B3D8C1001C34EC /* Build configuration list for PBXNativeTarget "QuizApp" */;
			buildPhases = (
				F8F0DBA928B3D8BF001C34EC /* Sources */,
				F8F0DBAA28B3D8BF001C34EC /* Frameworks */,
				F8F0DBAB28B3D8BF001C34EC /* Resources */,
			);
			buildRules = (
			);
			dependencies = (
			);
			name = QuizApp;
			productName = QuizApp;
			productReference = F8F0DBAD28B3D8BF001C34EC /* QuizApp.app */;
			productType = "com.apple.product-type.application";
		};
		F8F0DBC228B3D8C1001C34EC /* QuizAppTests */ = {
			isa = PBXNativeTarget;
			buildConfigurationList = F8F0DBDA28B3D8C1001C34EC /* Build configuration list for PBXNativeTarget "QuizAppTests" */;
			buildPhases = (
				F8F0DBBF28B3D8C1001C34EC /* Sources */,
				F8F0DBC028B3D8C1001C34EC /* Frameworks */,
				F8F0DBC128B3D8C1001C34EC /* Resources */,
			);
			buildRules = (
			);
			dependencies = (
				F8F0DBC528B3D8C1001C34EC /* PBXTargetDependency */,
			);
			name = QuizAppTests;
			productName = QuizAppTests;
			productReference = F8F0DBC328B3D8C1001C34EC /* QuizAppTests.xctest */;
			productType = "com.apple.product-type.bundle.unit-test";
		};
/* End PBXNativeTarget section */

/* Begin PBXProject section */
		F8F0DBA528B3D8BF001C34EC /* Project object */ = {
			isa = PBXProject;
			attributes = {
				BuildIndependentTargetsInParallel = 1;
				LastSwiftUpdateCheck = 1340;
				LastUpgradeCheck = 1340;
				TargetAttributes = {
					F8F0DBAC28B3D8BF001C34EC = {
						CreatedOnToolsVersion = 13.4.1;
					};
					F8F0DBC228B3D8C1001C34EC = {
						CreatedOnToolsVersion = 13.4.1;
						TestTargetID = F8F0DBAC28B3D8BF001C34EC;
					};
				};
			};
			buildConfigurationList = F8F0DBA828B3D8BF001C34EC /* Build configuration list for PBXProject "QuizApp" */;
			compatibilityVersion = "Xcode 13.0";
			developmentRegion = en;
			hasScannedForEncodings = 0;
			knownRegions = (
				en,
				Base,
			);
			mainGroup = F8F0DBA428B3D8BF001C34EC;
			productRefGroup = F8F0DBAE28B3D8BF001C34EC /* Products */;
			projectDirPath = "";
			projectRoot = "";
			targets = (
				F8F0DBAC28B3D8BF001C34EC /* QuizApp */,
				F8F0DBC228B3D8C1001C34EC /* QuizAppTests */,
			);
		};
/* End PBXProject section */

/* Begin PBXResourcesBuildPhase section */
		F8F0DBAB28B3D8BF001C34EC /* Resources */ = {
			isa = PBXResourcesBuildPhase;
			buildActionMask = 2147483647;
			files = (
				F8F0DBBD28B3D8C1001C34EC /* LaunchScreen.storyboard in Resources */,
				F8F0DBBA28B3D8C1001C34EC /* Assets.xcassets in Resources */,
				F8F0DBE328B3E736001C34EC /* QuestionViewController.xib in Resources */,
				F8F0DC3528B782A0001C34EC /* ResultsViewController.xib in Resources */,
			);
			runOnlyForDeploymentPostprocessing = 0;
		};
		F8F0DBC128B3D8C1001C34EC /* Resources */ = {
			isa = PBXResourcesBuildPhase;
			buildActionMask = 2147483647;
			files = (
			);
			runOnlyForDeploymentPostprocessing = 0;
		};
/* End PBXResourcesBuildPhase section */

/* Begin PBXSourcesBuildPhase section */
		F8F0DBA928B3D8BF001C34EC /* Sources */ = {
			isa = PBXSourcesBuildPhase;
			buildActionMask = 2147483647;
			files = (
				F8F0DBB128B3D8BF001C34EC /* AppDelegate.swift in Sources */,
				F8F0DBB328B3D8BF001C34EC /* SceneDelegate.swift in Sources */,
				F8F0DBE128B3D9C0001C34EC /* QuestionViewController.swift in Sources */,
				F8F0DC3328B781DA001C34EC /* ResultsViewController.swift in Sources */,
			);
			runOnlyForDeploymentPostprocessing = 0;
		};
		F8F0DBBF28B3D8C1001C34EC /* Sources */ = {
			isa = PBXSourcesBuildPhase;
			buildActionMask = 2147483647;
			files = (
				F8F0DBC828B3D8C1001C34EC /* QuestionViewControllerTest.swift in Sources */,
				F8F0DC3728B80155001C34EC /* TableViewHelpers.swift in Sources */,
				F8F0DC3128B78138001C34EC /* ResultsViewControllerTest.swift in Sources */,
			);
			runOnlyForDeploymentPostprocessing = 0;
		};
/* End PBXSourcesBuildPhase section */

/* Begin PBXTargetDependency section */
		F8F0DBC528B3D8C1001C34EC /* PBXTargetDependency */ = {
			isa = PBXTargetDependency;
			target = F8F0DBAC28B3D8BF001C34EC /* QuizApp */;
			targetProxy = F8F0DBC428B3D8C1001C34EC /* PBXContainerItemProxy */;
		};
/* End PBXTargetDependency section */

/* Begin PBXVariantGroup section */
		F8F0DBBB28B3D8C1001C34EC /* LaunchScreen.storyboard */ = {
			isa = PBXVariantGroup;
			children = (
				F8F0DBBC28B3D8C1001C34EC /* Base */,
			);
			name = LaunchScreen.storyboard;
			sourceTree = "<group>";
		};
/* End PBXVariantGroup section */

/* Begin XCBuildConfiguration section */
		F8F0DBD528B3D8C1001C34EC /* Debug */ = {
			isa = XCBuildConfiguration;
			buildSettings = {
				ALWAYS_SEARCH_USER_PATHS = NO;
				CLANG_ANALYZER_NONNULL = YES;
				CLANG_ANALYZER_NUMBER_OBJECT_CONVERSION = YES_AGGRESSIVE;
				CLANG_CXX_LANGUAGE_STANDARD = "gnu++17";
				CLANG_ENABLE_MODULES = YES;
				CLANG_ENABLE_OBJC_ARC = YES;
				CLANG_ENABLE_OBJC_WEAK = YES;
				CLANG_WARN_BLOCK_CAPTURE_AUTORELEASING = YES;
				CLANG_WARN_BOOL_CONVERSION = YES;
				CLANG_WARN_COMMA = YES;
				CLANG_WARN_CONSTANT_CONVERSION = YES;
				CLANG_WARN_DEPRECATED_OBJC_IMPLEMENTATIONS = YES;
				CLANG_WARN_DIRECT_OBJC_ISA_USAGE = YES_ERROR;
				CLANG_WARN_DOCUMENTATION_COMMENTS = YES;
				CLANG_WARN_EMPTY_BODY = YES;
				CLANG_WARN_ENUM_CONVERSION = YES;
				CLANG_WARN_INFINITE_RECURSION = YES;
				CLANG_WARN_INT_CONVERSION = YES;
				CLANG_WARN_NON_LITERAL_NULL_CONVERSION = YES;
				CLANG_WARN_OBJC_IMPLICIT_RETAIN_SELF = YES;
				CLANG_WARN_OBJC_LITERAL_CONVERSION = YES;
				CLANG_WARN_OBJC_ROOT_CLASS = YES_ERROR;
				CLANG_WARN_QUOTED_INCLUDE_IN_FRAMEWORK_HEADER = YES;
				CLANG_WARN_RANGE_LOOP_ANALYSIS = YES;
				CLANG_WARN_STRICT_PROTOTYPES = YES;
				CLANG_WARN_SUSPICIOUS_MOVE = YES;
				CLANG_WARN_UNGUARDED_AVAILABILITY = YES_AGGRESSIVE;
				CLANG_WARN_UNREACHABLE_CODE = YES;
				CLANG_WARN__DUPLICATE_METHOD_MATCH = YES;
				COPY_PHASE_STRIP = NO;
				DEBUG_INFORMATION_FORMAT = dwarf;
				ENABLE_STRICT_OBJC_MSGSEND = YES;
				ENABLE_TESTABILITY = YES;
				GCC_C_LANGUAGE_STANDARD = gnu11;
				GCC_DYNAMIC_NO_PIC = NO;
				GCC_NO_COMMON_BLOCKS = YES;
				GCC_OPTIMIZATION_LEVEL = 0;
				GCC_PREPROCESSOR_DEFINITIONS = (
					"DEBUG=1",
					"$(inherited)",
				);
				GCC_WARN_64_TO_32_BIT_CONVERSION = YES;
				GCC_WARN_ABOUT_RETURN_TYPE = YES_ERROR;
				GCC_WARN_UNDECLARED_SELECTOR = YES;
				GCC_WARN_UNINITIALIZED_AUTOS = YES_AGGRESSIVE;
				GCC_WARN_UNUSED_FUNCTION = YES;
				GCC_WARN_UNUSED_VARIABLE = YES;
				IPHONEOS_DEPLOYMENT_TARGET = 15.5;
				MTL_ENABLE_DEBUG_INFO = INCLUDE_SOURCE;
				MTL_FAST_MATH = YES;
				ONLY_ACTIVE_ARCH = YES;
				SDKROOT = iphoneos;
				SWIFT_ACTIVE_COMPILATION_CONDITIONS = DEBUG;
				SWIFT_OPTIMIZATION_LEVEL = "-Onone";
			};
			name = Debug;
		};
		F8F0DBD628B3D8C1001C34EC /* Release */ = {
			isa = XCBuildConfiguration;
			buildSettings = {
				ALWAYS_SEARCH_USER_PATHS = NO;
				CLANG_ANALYZER_NONNULL = YES;
				CLANG_ANALYZER_NUMBER_OBJECT_CONVERSION = YES_AGGRESSIVE;
				CLANG_CXX_LANGUAGE_STANDARD = "gnu++17";
				CLANG_ENABLE_MODULES = YES;
				CLANG_ENABLE_OBJC_ARC = YES;
				CLANG_ENABLE_OBJC_WEAK = YES;
				CLANG_WARN_BLOCK_CAPTURE_AUTORELEASING = YES;
				CLANG_WARN_BOOL_CONVERSION = YES;
				CLANG_WARN_COMMA = YES;
				CLANG_WARN_CONSTANT_CONVERSION = YES;
				CLANG_WARN_DEPRECATED_OBJC_IMPLEMENTATIONS = YES;
				CLANG_WARN_DIRECT_OBJC_ISA_USAGE = YES_ERROR;
				CLANG_WARN_DOCUMENTATION_COMMENTS = YES;
				CLANG_WARN_EMPTY_BODY = YES;
				CLANG_WARN_ENUM_CONVERSION = YES;
				CLANG_WARN_INFINITE_RECURSION = YES;
				CLANG_WARN_INT_CONVERSION = YES;
				CLANG_WARN_NON_LITERAL_NULL_CONVERSION = YES;
				CLANG_WARN_OBJC_IMPLICIT_RETAIN_SELF = YES;
				CLANG_WARN_OBJC_LITERAL_CONVERSION = YES;
				CLANG_WARN_OBJC_ROOT_CLASS = YES_ERROR;
				CLANG_WARN_QUOTED_INCLUDE_IN_FRAMEWORK_HEADER = YES;
				CLANG_WARN_RANGE_LOOP_ANALYSIS = YES;
				CLANG_WARN_STRICT_PROTOTYPES = YES;
				CLANG_WARN_SUSPICIOUS_MOVE = YES;
				CLANG_WARN_UNGUARDED_AVAILABILITY = YES_AGGRESSIVE;
				CLANG_WARN_UNREACHABLE_CODE = YES;
				CLANG_WARN__DUPLICATE_METHOD_MATCH = YES;
				COPY_PHASE_STRIP = NO;
				DEBUG_INFORMATION_FORMAT = "dwarf-with-dsym";
				ENABLE_NS_ASSERTIONS = NO;
				ENABLE_STRICT_OBJC_MSGSEND = YES;
				GCC_C_LANGUAGE_STANDARD = gnu11;
				GCC_NO_COMMON_BLOCKS = YES;
				GCC_WARN_64_TO_32_BIT_CONVERSION = YES;
				GCC_WARN_ABOUT_RETURN_TYPE = YES_ERROR;
				GCC_WARN_UNDECLARED_SELECTOR = YES;
				GCC_WARN_UNINITIALIZED_AUTOS = YES_AGGRESSIVE;
				GCC_WARN_UNUSED_FUNCTION = YES;
				GCC_WARN_UNUSED_VARIABLE = YES;
				IPHONEOS_DEPLOYMENT_TARGET = 15.5;
				MTL_ENABLE_DEBUG_INFO = NO;
				MTL_FAST_MATH = YES;
				SDKROOT = iphoneos;
				SWIFT_COMPILATION_MODE = wholemodule;
				SWIFT_OPTIMIZATION_LEVEL = "-O";
				VALIDATE_PRODUCT = YES;
			};
			name = Release;
		};
		F8F0DBD828B3D8C1001C34EC /* Debug */ = {
			isa = XCBuildConfiguration;
			buildSettings = {
				ASSETCATALOG_COMPILER_APPICON_NAME = AppIcon;
				ASSETCATALOG_COMPILER_GLOBAL_ACCENT_COLOR_NAME = AccentColor;
				CODE_SIGN_STYLE = Automatic;
				CURRENT_PROJECT_VERSION = 1;
				DEVELOPMENT_TEAM = EKZMJ583Y3;
				GENERATE_INFOPLIST_FILE = YES;
				INFOPLIST_FILE = QuizApp/Info.plist;
				INFOPLIST_KEY_UIApplicationSupportsIndirectInputEvents = YES;
				INFOPLIST_KEY_UILaunchStoryboardName = LaunchScreen;
				INFOPLIST_KEY_UISupportedInterfaceOrientations_iPad = "UIInterfaceOrientationPortrait UIInterfaceOrientationPortraitUpsideDown UIInterfaceOrientationLandscapeLeft UIInterfaceOrientationLandscapeRight";
				INFOPLIST_KEY_UISupportedInterfaceOrientations_iPhone = "UIInterfaceOrientationPortrait UIInterfaceOrientationLandscapeLeft UIInterfaceOrientationLandscapeRight";
				LD_RUNPATH_SEARCH_PATHS = (
					"$(inherited)",
					"@executable_path/Frameworks",
				);
				MARKETING_VERSION = 1.0;
				PRODUCT_BUNDLE_IDENTIFIER = com.CRG.QuizApp;
				PRODUCT_NAME = "$(TARGET_NAME)";
				SWIFT_EMIT_LOC_STRINGS = YES;
				SWIFT_VERSION = 5.0;
				TARGETED_DEVICE_FAMILY = "1,2";
			};
			name = Debug;
		};
		F8F0DBD928B3D8C1001C34EC /* Release */ = {
			isa = XCBuildConfiguration;
			buildSettings = {
				ASSETCATALOG_COMPILER_APPICON_NAME = AppIcon;
				ASSETCATALOG_COMPILER_GLOBAL_ACCENT_COLOR_NAME = AccentColor;
				CODE_SIGN_STYLE = Automatic;
				CURRENT_PROJECT_VERSION = 1;
				DEVELOPMENT_TEAM = EKZMJ583Y3;
				GENERATE_INFOPLIST_FILE = YES;
				INFOPLIST_FILE = QuizApp/Info.plist;
				INFOPLIST_KEY_UIApplicationSupportsIndirectInputEvents = YES;
				INFOPLIST_KEY_UILaunchStoryboardName = LaunchScreen;
				INFOPLIST_KEY_UISupportedInterfaceOrientations_iPad = "UIInterfaceOrientationPortrait UIInterfaceOrientationPortraitUpsideDown UIInterfaceOrientationLandscapeLeft UIInterfaceOrientationLandscapeRight";
				INFOPLIST_KEY_UISupportedInterfaceOrientations_iPhone = "UIInterfaceOrientationPortrait UIInterfaceOrientationLandscapeLeft UIInterfaceOrientationLandscapeRight";
				LD_RUNPATH_SEARCH_PATHS = (
					"$(inherited)",
					"@executable_path/Frameworks",
				);
				MARKETING_VERSION = 1.0;
				PRODUCT_BUNDLE_IDENTIFIER = com.CRG.QuizApp;
				PRODUCT_NAME = "$(TARGET_NAME)";
				SWIFT_EMIT_LOC_STRINGS = YES;
				SWIFT_VERSION = 5.0;
				TARGETED_DEVICE_FAMILY = "1,2";
			};
			name = Release;
		};
		F8F0DBDB28B3D8C1001C34EC /* Debug */ = {
			isa = XCBuildConfiguration;
			buildSettings = {
				ALWAYS_EMBED_SWIFT_STANDARD_LIBRARIES = YES;
				BUNDLE_LOADER = "$(TEST_HOST)";
				CODE_SIGN_STYLE = Automatic;
				CURRENT_PROJECT_VERSION = 1;
				DEVELOPMENT_TEAM = EKZMJ583Y3;
				GENERATE_INFOPLIST_FILE = YES;
				IPHONEOS_DEPLOYMENT_TARGET = 15.5;
				MARKETING_VERSION = 1.0;
				PRODUCT_BUNDLE_IDENTIFIER = com.CRG.QuizAppTests;
				PRODUCT_NAME = "$(TARGET_NAME)";
				SWIFT_EMIT_LOC_STRINGS = NO;
				SWIFT_VERSION = 5.0;
				TARGETED_DEVICE_FAMILY = "1,2";
				TEST_HOST = "$(BUILT_PRODUCTS_DIR)/QuizApp.app/QuizApp";
			};
			name = Debug;
		};
		F8F0DBDC28B3D8C1001C34EC /* Release */ = {
			isa = XCBuildConfiguration;
			buildSettings = {
				ALWAYS_EMBED_SWIFT_STANDARD_LIBRARIES = YES;
				BUNDLE_LOADER = "$(TEST_HOST)";
				CODE_SIGN_STYLE = Automatic;
				CURRENT_PROJECT_VERSION = 1;
				DEVELOPMENT_TEAM = EKZMJ583Y3;
				GENERATE_INFOPLIST_FILE = YES;
				IPHONEOS_DEPLOYMENT_TARGET = 15.5;
				MARKETING_VERSION = 1.0;
				PRODUCT_BUNDLE_IDENTIFIER = com.CRG.QuizAppTests;
				PRODUCT_NAME = "$(TARGET_NAME)";
				SWIFT_EMIT_LOC_STRINGS = NO;
				SWIFT_VERSION = 5.0;
				TARGETED_DEVICE_FAMILY = "1,2";
				TEST_HOST = "$(BUILT_PRODUCTS_DIR)/QuizApp.app/QuizApp";
			};
			name = Release;
		};
/* End XCBuildConfiguration section */

/* Begin XCConfigurationList section */
		F8F0DBA828B3D8BF001C34EC /* Build configuration list for PBXProject "QuizApp" */ = {
			isa = XCConfigurationList;
			buildConfigurations = (
				F8F0DBD528B3D8C1001C34EC /* Debug */,
				F8F0DBD628B3D8C1001C34EC /* Release */,
			);
			defaultConfigurationIsVisible = 0;
			defaultConfigurationName = Release;
		};
		F8F0DBD728B3D8C1001C34EC /* Build configuration list for PBXNativeTarget "QuizApp" */ = {
			isa = XCConfigurationList;
			buildConfigurations = (
				F8F0DBD828B3D8C1001C34EC /* Debug */,
				F8F0DBD928B3D8C1001C34EC /* Release */,
			);
			defaultConfigurationIsVisible = 0;
			defaultConfigurationName = Release;
		};
		F8F0DBDA28B3D8C1001C34EC /* Build configuration list for PBXNativeTarget "QuizAppTests" */ = {
			isa = XCConfigurationList;
			buildConfigurations = (
				F8F0DBDB28B3D8C1001C34EC /* Debug */,
				F8F0DBDC28B3D8C1001C34EC /* Release */,
			);
			defaultConfigurationIsVisible = 0;
			defaultConfigurationName = Release;
		};
/* End XCConfigurationList section */
	};
	rootObject = F8F0DBA528B3D8BF001C34EC /* Project object */;
}
